
Microsoft Visual Studio Solution File, Format Version 12.00
# Visual Studio Version 17
VisualStudioVersion = 17.0.32014.148
MinimumVisualStudioVersion = 10.0.40219.1
Project("{FAE04EC0-301F-11D3-BF4B-00C04F79EFBC}") = "WpfSnippets", "WpfSnippets\WpfSnippets.csproj", "{4692655E-02D1-42FF-A33E-8EE36D113866}"
EndProject
Global
	GlobalSection(SolutionConfigurationPlatforms) = preSolution
		Debug|Any CPU = Debug|Any CPU
		Release|Any CPU = Release|Any CPU
	EndGlobalSection
	GlobalSection(ProjectConfigurationPlatforms) = postSolution
		{4692655E-02D1-42FF-A33E-8EE36D113866}.Debug|Any CPU.ActiveCfg = Debug|Any CPU
		{4692655E-02D1-42FF-A33E-8EE36D113866}.Debug|Any CPU.Build.0 = Debug|Any CPU
		{4692655E-02D1-42FF-A33E-8EE36D113866}.Release|Any CPU.ActiveCfg = Release|Any CPU
		{4692655E-02D1-42FF-A33E-8EE36D113866}.Release|Any CPU.Build.0 = Release|Any CPU
	EndGlobalSection
	GlobalSection(SolutionProperties) = preSolution
		HideSolutionNode = FALSE
	EndGlobalSection
	GlobalSection(ExtensibilityGlobals) = postSolution
		SolutionGuid = {2A5E2F33-AE06-4A14-B51F-FBF57D61A46E}
	EndGlobalSection
EndGlobal
